// !$*UTF8*$!
{
	archiveVersion = 1;
	classes = {
	};
	objectVersion = 77;
	objects = {

/* Begin PBXContainerItemProxy section */
		8EFF1CBD2D70F61B00BEA550 /* PBXContainerItemProxy */ = {
			isa = PBXContainerItemProxy;
			containerPortal = 8EFF1C9E2D70F61700BEA550 /* Project object */;
			proxyType = 1;
			remoteGlobalIDString = 8EFF1CA52D70F61800BEA550;
			remoteInfo = Coffeemate;
		};
		8EFF1CC72D70F61B00BEA550 /* PBXContainerItemProxy */ = {
			isa = PBXContainerItemProxy;
			containerPortal = 8EFF1C9E2D70F61700BEA550 /* Project object */;
			proxyType = 1;
			remoteGlobalIDString = 8EFF1CA52D70F61800BEA550;
			remoteInfo = Coffeemate;
		};
/* End PBXContainerItemProxy section */

/* Begin PBXFileReference section */
		8EFF1CA62D70F61800BEA550 /* Coffeemate.app */ = {isa = PBXFileReference; explicitFileType = wrapper.application; includeInIndex = 0; path = Coffeemate.app; sourceTree = BUILT_PRODUCTS_DIR; };
		8EFF1CBC2D70F61B00BEA550 /* CoffeemateTests.xctest */ = {isa = PBXFileReference; explicitFileType = wrapper.cfbundle; includeInIndex = 0; path = CoffeemateTests.xctest; sourceTree = BUILT_PRODUCTS_DIR; };
		8EFF1CC62D70F61B00BEA550 /* CoffeemateUITests.xctest */ = {isa = PBXFileReference; explicitFileType = wrapper.cfbundle; includeInIndex = 0; path = CoffeemateUITests.xctest; sourceTree = BUILT_PRODUCTS_DIR; };
/* End PBXFileReference section */

/* Begin PBXFileSystemSynchronizedBuildFileExceptionSet section */
		8EFF1CCE2D70F61B00BEA550 /* Exceptions for "Coffeemate" folder in "Coffeemate" target */ = {
			isa = PBXFileSystemSynchronizedBuildFileExceptionSet;
			membershipExceptions = (
				Info.plist,
			);
			target = 8EFF1CA52D70F61800BEA550 /* Coffeemate */;
		};
/* End PBXFileSystemSynchronizedBuildFileExceptionSet section */

/* Begin PBXFileSystemSynchronizedRootGroup section */
		8EFF1CA82D70F61800BEA550 /* Coffeemate */ = {
			isa = PBXFileSystemSynchronizedRootGroup;
			exceptions = (
				8EFF1CCE2D70F61B00BEA550 /* Exceptions for "Coffeemate" folder in "Coffeemate" target */,
			);
			path = Coffeemate;
			sourceTree = "<group>";
		};
		8EFF1CBF2D70F61B00BEA550 /* CoffeemateTests */ = {
			isa = PBXFileSystemSynchronizedRootGroup;
			path = CoffeemateTests;
			sourceTree = "<group>";
		};
		8EFF1CC92D70F61B00BEA550 /* CoffeemateUITests */ = {
			isa = PBXFileSystemSynchronizedRootGroup;
			path = CoffeemateUITests;
			sourceTree = "<group>";
		};
/* End PBXFileSystemSynchronizedRootGroup section */

/* Begin PBXFrameworksBuildPhase section */
		8EFF1CA32D70F61800BEA550 /* Frameworks */ = {
			isa = PBXFrameworksBuildPhase;
			buildActionMask = 2147483647;
			files = (
			);
			runOnlyForDeploymentPostprocessing = 0;
		};
		8EFF1CB92D70F61B00BEA550 /* Frameworks */ = {
			isa = PBXFrameworksBuildPhase;
			buildActionMask = 2147483647;
			files = (
			);
			runOnlyForDeploymentPostprocessing = 0;
		};
		8EFF1CC32D70F61B00BEA550 /* Frameworks */ = {
			isa = PBXFrameworksBuildPhase;
			buildActionMask = 2147483647;
			files = (
			);
			runOnlyForDeploymentPostprocessing = 0;
		};
/* End PBXFrameworksBuildPhase section */

/* Begin PBXGroup section */
		8EFF1C9D2D70F61700BEA550 = {
			isa = PBXGroup;
			children = (
				8EFF1CA82D70F61800BEA550 /* Coffeemate */,
				8EFF1CBF2D70F61B00BEA550 /* CoffeemateTests */,
				8EFF1CC92D70F61B00BEA550 /* CoffeemateUITests */,
				8EFF1CA72D70F61800BEA550 /* Products */,
			);
			sourceTree = "<group>";
		};
		8EFF1CA72D70F61800BEA550 /* Products */ = {
			isa = PBXGroup;
			children = (
				8EFF1CA62D70F61800BEA550 /* Coffeemate.app */,
				8EFF1CBC2D70F61B00BEA550 /* CoffeemateTests.xctest */,
				8EFF1CC62D70F61B00BEA550 /* CoffeemateUITests.xctest */,
			);
			name = Products;
			sourceTree = "<group>";
		};
/* End PBXGroup section */

/* Begin PBXNativeTarget section */
		8EFF1CA52D70F61800BEA550 /* Coffeemate */ = {
			isa = PBXNativeTarget;
			buildConfigurationList = 8EFF1CCF2D70F61B00BEA550 /* Build configuration list for PBXNativeTarget "Coffeemate" */;
			buildPhases = (
				8EFF1CA22D70F61800BEA550 /* Sources */,
				8EFF1CA32D70F61800BEA550 /* Frameworks */,
				8EFF1CA42D70F61800BEA550 /* Resources */,
			);
			buildRules = (
			);
			dependencies = (
			);
			fileSystemSynchronizedGroups = (
				8EFF1CA82D70F61800BEA550 /* Coffeemate */,
			);
			name = Coffeemate;
			packageProductDependencies = (
			);
			productName = Coffeemate;
			productReference = 8EFF1CA62D70F61800BEA550 /* Coffeemate.app */;
			productType = "com.apple.product-type.application";
		};
		8EFF1CBB2D70F61B00BEA550 /* CoffeemateTests */ = {
			isa = PBXNativeTarget;
			buildConfigurationList = 8EFF1CD42D70F61B00BEA550 /* Build configuration list for PBXNativeTarget "CoffeemateTests" */;
			buildPhases = (
				8EFF1CB82D70F61B00BEA550 /* Sources */,
				8EFF1CB92D70F61B00BEA550 /* Frameworks */,
				8EFF1CBA2D70F61B00BEA550 /* Resources */,
			);
			buildRules = (
			);
			dependencies = (
				8EFF1CBE2D70F61B00BEA550 /* PBXTargetDependency */,
			);
			fileSystemSynchronizedGroups = (
				8EFF1CBF2D70F61B00BEA550 /* CoffeemateTests */,
			);
			name = CoffeemateTests;
			packageProductDependencies = (
			);
			productName = CoffeemateTests;
			productReference = 8EFF1CBC2D70F61B00BEA550 /* CoffeemateTests.xctest */;
			productType = "com.apple.product-type.bundle.unit-test";
		};
		8EFF1CC52D70F61B00BEA550 /* CoffeemateUITests */ = {
			isa = PBXNativeTarget;
			buildConfigurationList = 8EFF1CD72D70F61B00BEA550 /* Build configuration list for PBXNativeTarget "CoffeemateUITests" */;
			buildPhases = (
				8EFF1CC22D70F61B00BEA550 /* Sources */,
				8EFF1CC32D70F61B00BEA550 /* Frameworks */,
				8EFF1CC42D70F61B00BEA550 /* Resources */,
			);
			buildRules = (
			);
			dependencies = (
				8EFF1CC82D70F61B00BEA550 /* PBXTargetDependency */,
			);
			fileSystemSynchronizedGroups = (
				8EFF1CC92D70F61B00BEA550 /* CoffeemateUITests */,
			);
			name = CoffeemateUITests;
			packageProductDependencies = (
			);
			productName = CoffeemateUITests;
			productReference = 8EFF1CC62D70F61B00BEA550 /* CoffeemateUITests.xctest */;
			productType = "com.apple.product-type.bundle.ui-testing";
		};
/* End PBXNativeTarget section */

/* Begin PBXProject section */
		8EFF1C9E2D70F61700BEA550 /* Project object */ = {
			isa = PBXProject;
			attributes = {
				BuildIndependentTargetsInParallel = 1;
				LastSwiftUpdateCheck = 1620;
				LastUpgradeCheck = 1620;
				TargetAttributes = {
					8EFF1CA52D70F61800BEA550 = {
						CreatedOnToolsVersion = 16.2;
					};
					8EFF1CBB2D70F61B00BEA550 = {
						CreatedOnToolsVersion = 16.2;
						TestTargetID = 8EFF1CA52D70F61800BEA550;
					};
					8EFF1CC52D70F61B00BEA550 = {
						CreatedOnToolsVersion = 16.2;
						TestTargetID = 8EFF1CA52D70F61800BEA550;
					};
				};
			};
			buildConfigurationList = 8EFF1CA12D70F61700BEA550 /* Build configuration list for PBXProject "Coffeemate" */;
			developmentRegion = en;
			hasScannedForEncodings = 0;
			knownRegions = (
				en,
				Base,
			);
			mainGroup = 8EFF1C9D2D70F61700BEA550;
			minimizedProjectReferenceProxies = 1;
			preferredProjectObjectVersion = 77;
			productRefGroup = 8EFF1CA72D70F61800BEA550 /* Products */;
			projectDirPath = "";
			projectRoot = "";
			targets = (
				8EFF1CA52D70F61800BEA550 /* Coffeemate */,
				8EFF1CBB2D70F61B00BEA550 /* CoffeemateTests */,
				8EFF1CC52D70F61B00BEA550 /* CoffeemateUITests */,
			);
		};
/* End PBXProject section */

/* Begin PBXResourcesBuildPhase section */
		8EFF1CA42D70F61800BEA550 /* Resources */ = {
			isa = PBXResourcesBuildPhase;
			buildActionMask = 2147483647;
			files = (
			);
			runOnlyForDeploymentPostprocessing = 0;
		};
		8EFF1CBA2D70F61B00BEA550 /* Resources */ = {
			isa = PBXResourcesBuildPhase;
			buildActionMask = 2147483647;
			files = (
			);
			runOnlyForDeploymentPostprocessing = 0;
		};
		8EFF1CC42D70F61B00BEA550 /* Resources */ = {
			isa = PBXResourcesBuildPhase;
			buildActionMask = 2147483647;
			files = (
			);
			runOnlyForDeploymentPostprocessing = 0;
		};
/* End PBXResourcesBuildPhase section */

/* Begin PBXSourcesBuildPhase section */
		8EFF1CA22D70F61800BEA550 /* Sources */ = {
			isa = PBXSourcesBuildPhase;
			buildActionMask = 2147483647;
			files = (
			);
			runOnlyForDeploymentPostprocessing = 0;
		};
		8EFF1CB82D70F61B00BEA550 /* Sources */ = {
			isa = PBXSourcesBuildPhase;
			buildActionMask = 2147483647;
			files = (
			);
			runOnlyForDeploymentPostprocessing = 0;
		};
		8EFF1CC22D70F61B00BEA550 /* Sources */ = {
			isa = PBXSourcesBuildPhase;
			buildActionMask = 2147483647;
			files = (
			);
			runOnlyForDeploymentPostprocessing = 0;
		};
/* End PBXSourcesBuildPhase section */

/* Begin PBXTargetDependency section */
		8EFF1CBE2D70F61B00BEA550 /* PBXTargetDependency */ = {
			isa = PBXTargetDependency;
			target = 8EFF1CA52D70F61800BEA550 /* Coffeemate */;
			targetProxy = 8EFF1CBD2D70F61B00BEA550 /* PBXContainerItemProxy */;
		};
		8EFF1CC82D70F61B00BEA550 /* PBXTargetDependency */ = {
			isa = PBXTargetDependency;
			target = 8EFF1CA52D70F61800BEA550 /* Coffeemate */;
			targetProxy = 8EFF1CC72D70F61B00BEA550 /* PBXContainerItemProxy */;
		};
/* End PBXTargetDependency section */

/* Begin XCBuildConfiguration section */
		8EFF1CD02D70F61B00BEA550 /* Debug */ = {
			isa = XCBuildConfiguration;
			buildSettings = {
				ASSETCATALOG_COMPILER_APPICON_NAME = AppIcon;
				ASSETCATALOG_COMPILER_GLOBAL_ACCENT_COLOR_NAME = AccentColor;
				CODE_SIGN_STYLE = Automatic;
				CURRENT_PROJECT_VERSION = 1;
				GENERATE_INFOPLIST_FILE = YES;
				INFOPLIST_FILE = Coffeemate/Info.plist;
				INFOPLIST_KEY_UIApplicationSupportsIndirectInputEvents = YES;
				INFOPLIST_KEY_UILaunchStoryboardName = LaunchScreen;
				INFOPLIST_KEY_UISupportedInterfaceOrientations_iPad = "UIInterfaceOrientationPortrait UIInterfaceOrientationPortraitUpsideDown UIInterfaceOrientationLandscapeLeft UIInterfaceOrientationLandscapeRight";
				INFOPLIST_KEY_UISupportedInterfaceOrientations_iPhone = "UIInterfaceOrientationPortrait UIInterfaceOrientationLandscapeLeft UIInterfaceOrientationLandscapeRight";
				LD_RUNPATH_SEARCH_PATHS = (
					"$(inherited)",
					"@executable_path/Frameworks",
				);
				MARKETING_VERSION = 1.0;
				PRODUCT_BUNDLE_IDENTIFIER = com.CodebyCR.Coffeemate;
				PRODUCT_NAME = "$(TARGET_NAME)";
				SWIFT_EMIT_LOC_STRINGS = YES;
				SWIFT_VERSION = 5.0;
				TARGETED_DEVICE_FAMILY = "1,2";
			};
			name = Debug;
		};
		8EFF1CD12D70F61B00BEA550 /* Release */ = {
			isa = XCBuildConfiguration;
			buildSettings = {
				ASSETCATALOG_COMPILER_APPICON_NAME = AppIcon;
				ASSETCATALOG_COMPILER_GLOBAL_ACCENT_COLOR_NAME = AccentColor;
				CODE_SIGN_STYLE = Automatic;
				CURRENT_PROJECT_VERSION = 1;
				GENERATE_INFOPLIST_FILE = YES;
				INFOPLIST_FILE = Coffeemate/Info.plist;
				INFOPLIST_KEY_UIApplicationSupportsIndirectInputEvents = YES;
				INFOPLIST_KEY_UILaunchStoryboardName = LaunchScreen;
				INFOPLIST_KEY_UISupportedInterfaceOrientations_iPad = "UIInterfaceOrientationPortrait UIInterfaceOrientationPortraitUpsideDown UIInterfaceOrientationLandscapeLeft UIInterfaceOrientationLandscapeRight";
				INFOPLIST_KEY_UISupportedInterfaceOrientations_iPhone = "UIInterfaceOrientationPortrait UIInterfaceOrientationLandscapeLeft UIInterfaceOrientationLandscapeRight";
				LD_RUNPATH_SEARCH_PATHS = (
					"$(inherited)",
					"@executable_path/Frameworks",
				);
				MARKETING_VERSION = 1.0;
				PRODUCT_BUNDLE_IDENTIFIER = com.CodebyCR.Coffeemate;
				PRODUCT_NAME = "$(TARGET_NAME)";
				SWIFT_EMIT_LOC_STRINGS = YES;
				SWIFT_VERSION = 5.0;
				TARGETED_DEVICE_FAMILY = "1,2";
			};
			name = Release;
		};
		8EFF1CD22D70F61B00BEA550 /* Debug */ = {
			isa = XCBuildConfiguration;
			buildSettings = {
				ALWAYS_SEARCH_USER_PATHS = NO;
				ASSETCATALOG_COMPILER_GENERATE_SWIFT_ASSET_SYMBOL_EXTENSIONS = YES;
				CLANG_ANALYZER_NONNULL = YES;
				CLANG_ANALYZER_NUMBER_OBJECT_CONVERSION = YES_AGGRESSIVE;
				CLANG_CXX_LANGUAGE_STANDARD = "gnu++20";
				CLANG_ENABLE_MODULES = YES;
				CLANG_ENABLE_OBJC_ARC = YES;
				CLANG_ENABLE_OBJC_WEAK = YES;
				CLANG_WARN_BLOCK_CAPTURE_AUTORELEASING = YES;
				CLANG_WARN_BOOL_CONVERSION = YES;
				CLANG_WARN_COMMA = YES;
				CLANG_WARN_CONSTANT_CONVERSION = YES;
				CLANG_WARN_DEPRECATED_OBJC_IMPLEMENTATIONS = YES;
				CLANG_WARN_DIRECT_OBJC_ISA_USAGE = YES_ERROR;
				CLANG_WARN_DOCUMENTATION_COMMENTS = YES;
				CLANG_WARN_EMPTY_BODY = YES;
				CLANG_WARN_ENUM_CONVERSION = YES;
				CLANG_WARN_INFINITE_RECURSION = YES;
				CLANG_WARN_INT_CONVERSION = YES;
				CLANG_WARN_NON_LITERAL_NULL_CONVERSION = YES;
				CLANG_WARN_OBJC_IMPLICIT_RETAIN_SELF = YES;
				CLANG_WARN_OBJC_LITERAL_CONVERSION = YES;
				CLANG_WARN_OBJC_ROOT_CLASS = YES_ERROR;
				CLANG_WARN_QUOTED_INCLUDE_IN_FRAMEWORK_HEADER = YES;
				CLANG_WARN_RANGE_LOOP_ANALYSIS = YES;
				CLANG_WARN_STRICT_PROTOTYPES = YES;
				CLANG_WARN_SUSPICIOUS_MOVE = YES;
				CLANG_WARN_UNGUARDED_AVAILABILITY = YES_AGGRESSIVE;
				CLANG_WARN_UNREACHABLE_CODE = YES;
				CLANG_WARN__DUPLICATE_METHOD_MATCH = YES;
				COPY_PHASE_STRIP = NO;
				DEBUG_INFORMATION_FORMAT = dwarf;
				ENABLE_STRICT_OBJC_MSGSEND = YES;
				ENABLE_TESTABILITY = YES;
				ENABLE_USER_SCRIPT_SANDBOXING = YES;
				GCC_C_LANGUAGE_STANDARD = gnu17;
				GCC_DYNAMIC_NO_PIC = NO;
				GCC_NO_COMMON_BLOCKS = YES;
				GCC_OPTIMIZATION_LEVEL = 0;
				GCC_PREPROCESSOR_DEFINITIONS = (
					"DEBUG=1",
					"$(inherited)",
				);
				GCC_WARN_64_TO_32_BIT_CONVERSION = YES;
				GCC_WARN_ABOUT_RETURN_TYPE = YES_ERROR;
				GCC_WARN_UNDECLARED_SELECTOR = YES;
				GCC_WARN_UNINITIALIZED_AUTOS = YES_AGGRESSIVE;
				GCC_WARN_UNUSED_FUNCTION = YES;
				GCC_WARN_UNUSED_VARIABLE = YES;
				IPHONEOS_DEPLOYMENT_TARGET = 18.2;
				LOCALIZATION_PREFERS_STRING_CATALOGS = YES;
				MTL_ENABLE_DEBUG_INFO = INCLUDE_SOURCE;
				MTL_FAST_MATH = YES;
				ONLY_ACTIVE_ARCH = YES;
				SDKROOT = iphoneos;
				SWIFT_ACTIVE_COMPILATION_CONDITIONS = "DEBUG $(inherited)";
				SWIFT_OPTIMIZATION_LEVEL = "-Onone";
			};
			name = Debug;
		};
		8EFF1CD32D70F61B00BEA550 /* Release */ = {
			isa = XCBuildConfiguration;
			buildSettings = {
				ALWAYS_SEARCH_USER_PATHS = NO;
				ASSETCATALOG_COMPILER_GENERATE_SWIFT_ASSET_SYMBOL_EXTENSIONS = YES;
				CLANG_ANALYZER_NONNULL = YES;
				CLANG_ANALYZER_NUMBER_OBJECT_CONVERSION = YES_AGGRESSIVE;
				CLANG_CXX_LANGUAGE_STANDARD = "gnu++20";
				CLANG_ENABLE_MODULES = YES;
				CLANG_ENABLE_OBJC_ARC = YES;
				CLANG_ENABLE_OBJC_WEAK = YES;
				CLANG_WARN_BLOCK_CAPTURE_AUTORELEASING = YES;
				CLANG_WARN_BOOL_CONVERSION = YES;
				CLANG_WARN_COMMA = YES;
				CLANG_WARN_CONSTANT_CONVERSION = YES;
				CLANG_WARN_DEPRECATED_OBJC_IMPLEMENTATIONS = YES;
				CLANG_WARN_DIRECT_OBJC_ISA_USAGE = YES_ERROR;
				CLANG_WARN_DOCUMENTATION_COMMENTS = YES;
				CLANG_WARN_EMPTY_BODY = YES;
				CLANG_WARN_ENUM_CONVERSION = YES;
				CLANG_WARN_INFINITE_RECURSION = YES;
				CLANG_WARN_INT_CONVERSION = YES;
				CLANG_WARN_NON_LITERAL_NULL_CONVERSION = YES;
				CLANG_WARN_OBJC_IMPLICIT_RETAIN_SELF = YES;
				CLANG_WARN_OBJC_LITERAL_CONVERSION = YES;
				CLANG_WARN_OBJC_ROOT_CLASS = YES_ERROR;
				CLANG_WARN_QUOTED_INCLUDE_IN_FRAMEWORK_HEADER = YES;
				CLANG_WARN_RANGE_LOOP_ANALYSIS = YES;
				CLANG_WARN_STRICT_PROTOTYPES = YES;
				CLANG_WARN_SUSPICIOUS_MOVE = YES;
				CLANG_WARN_UNGUARDED_AVAILABILITY = YES_AGGRESSIVE;
				CLANG_WARN_UNREACHABLE_CODE = YES;
				CLANG_WARN__DUPLICATE_METHOD_MATCH = YES;
				COPY_PHASE_STRIP = NO;
				DEBUG_INFORMATION_FORMAT = "dwarf-with-dsym";
				ENABLE_NS_ASSERTIONS = NO;
				ENABLE_STRICT_OBJC_MSGSEND = YES;
				ENABLE_USER_SCRIPT_SANDBOXING = YES;
				GCC_C_LANGUAGE_STANDARD = gnu17;
				GCC_NO_COMMON_BLOCKS = YES;
				GCC_WARN_64_TO_32_BIT_CONVERSION = YES;
				GCC_WARN_ABOUT_RETURN_TYPE = YES_ERROR;
				GCC_WARN_UNDECLARED_SELECTOR = YES;
				GCC_WARN_UNINITIALIZED_AUTOS = YES_AGGRESSIVE;
				GCC_WARN_UNUSED_FUNCTION = YES;
				GCC_WARN_UNUSED_VARIABLE = YES;
				IPHONEOS_DEPLOYMENT_TARGET = 18.2;
				LOCALIZATION_PREFERS_STRING_CATALOGS = YES;
				MTL_ENABLE_DEBUG_INFO = NO;
				MTL_FAST_MATH = YES;
				SDKROOT = iphoneos;
				SWIFT_COMPILATION_MODE = wholemodule;
				VALIDATE_PRODUCT = YES;
			};
			name = Release;
		};
		8EFF1CD52D70F61B00BEA550 /* Debug */ = {
			isa = XCBuildConfiguration;
			buildSettings = {
				BUNDLE_LOADER = "$(TEST_HOST)";
				CODE_SIGN_STYLE = Automatic;
				CURRENT_PROJECT_VERSION = 1;
				GENERATE_INFOPLIST_FILE = YES;
				IPHONEOS_DEPLOYMENT_TARGET = 18.2;
				MARKETING_VERSION = 1.0;
				PRODUCT_BUNDLE_IDENTIFIER = com.CodebyCR.CoffeemateTests;
				PRODUCT_NAME = "$(TARGET_NAME)";
				SWIFT_EMIT_LOC_STRINGS = NO;
				SWIFT_VERSION = 5.0;
				TARGETED_DEVICE_FAMILY = "1,2";
				TEST_HOST = "$(BUILT_PRODUCTS_DIR)/Coffeemate.app/$(BUNDLE_EXECUTABLE_FOLDER_PATH)/Coffeemate";
			};
			name = Debug;
		};
		8EFF1CD62D70F61B00BEA550 /* Release */ = {
			isa = XCBuildConfiguration;
			buildSettings = {
				BUNDLE_LOADER = "$(TEST_HOST)";
				CODE_SIGN_STYLE = Automatic;
				CURRENT_PROJECT_VERSION = 1;
				GENERATE_INFOPLIST_FILE = YES;
				IPHONEOS_DEPLOYMENT_TARGET = 18.2;
				MARKETING_VERSION = 1.0;
				PRODUCT_BUNDLE_IDENTIFIER = com.CodebyCR.CoffeemateTests;
				PRODUCT_NAME = "$(TARGET_NAME)";
				SWIFT_EMIT_LOC_STRINGS = NO;
				SWIFT_VERSION = 5.0;
				TARGETED_DEVICE_FAMILY = "1,2";
				TEST_HOST = "$(BUILT_PRODUCTS_DIR)/Coffeemate.app/$(BUNDLE_EXECUTABLE_FOLDER_PATH)/Coffeemate";
			};
			name = Release;
		};
		8EFF1CD82D70F61B00BEA550 /* Debug */ = {
			isa = XCBuildConfiguration;
			buildSettings = {
				CODE_SIGN_STYLE = Automatic;
				CURRENT_PROJECT_VERSION = 1;
				GENERATE_INFOPLIST_FILE = YES;
				MARKETING_VERSION = 1.0;
				PRODUCT_BUNDLE_IDENTIFIER = com.CodebyCR.CoffeemateUITests;
				PRODUCT_NAME = "$(TARGET_NAME)";
				SWIFT_EMIT_LOC_STRINGS = NO;
				SWIFT_VERSION = 5.0;
				TARGETED_DEVICE_FAMILY = "1,2";
				TEST_TARGET_NAME = Coffeemate;
			};
			name = Debug;
		};
		8EFF1CD92D70F61B00BEA550 /* Release */ = {
			isa = XCBuildConfiguration;
			buildSettings = {
				CODE_SIGN_STYLE = Automatic;
				CURRENT_PROJECT_VERSION = 1;
				GENERATE_INFOPLIST_FILE = YES;
				MARKETING_VERSION = 1.0;
				PRODUCT_BUNDLE_IDENTIFIER = com.CodebyCR.CoffeemateUITests;
				PRODUCT_NAME = "$(TARGET_NAME)";
				SWIFT_EMIT_LOC_STRINGS = NO;
				SWIFT_VERSION = 5.0;
				TARGETED_DEVICE_FAMILY = "1,2";
				TEST_TARGET_NAME = Coffeemate;
			};
			name = Release;
		};
/* End XCBuildConfiguration section */

/* Begin XCConfigurationList section */
		8EFF1CA12D70F61700BEA550 /* Build configuration list for PBXProject "Coffeemate" */ = {
			isa = XCConfigurationList;
			buildConfigurations = (
				8EFF1CD22D70F61B00BEA550 /* Debug */,
				8EFF1CD32D70F61B00BEA550 /* Release */,
			);
			defaultConfigurationIsVisible = 0;
			defaultConfigurationName = Release;
		};
		8EFF1CCF2D70F61B00BEA550 /* Build configuration list for PBXNativeTarget "Coffeemate" */ = {
			isa = XCConfigurationList;
			buildConfigurations = (
				8EFF1CD02D70F61B00BEA550 /* Debug */,
				8EFF1CD12D70F61B00BEA550 /* Release */,
			);
			defaultConfigurationIsVisible = 0;
			defaultConfigurationName = Release;
		};
		8EFF1CD42D70F61B00BEA550 /* Build configuration list for PBXNativeTarget "CoffeemateTests" */ = {
			isa = XCConfigurationList;
			buildConfigurations = (
				8EFF1CD52D70F61B00BEA550 /* Debug */,
				8EFF1CD62D70F61B00BEA550 /* Release */,
			);
			defaultConfigurationIsVisible = 0;
			defaultConfigurationName = Release;
		};
		8EFF1CD72D70F61B00BEA550 /* Build configuration list for PBXNativeTarget "CoffeemateUITests" */ = {
			isa = XCConfigurationList;
			buildConfigurations = (
				8EFF1CD82D70F61B00BEA550 /* Debug */,
				8EFF1CD92D70F61B00BEA550 /* Release */,
			);
			defaultConfigurationIsVisible = 0;
			defaultConfigurationName = Release;
		};
/* End XCConfigurationList section */
	};
	rootObject = 8EFF1C9E2D70F61700BEA550 /* Project object */;
}
